<?xml version="1.0" encoding="utf-8"?>
<Project ToolsVersion="4.0" xmlns="http://schemas.microsoft.com/developer/msbuild/2003">
  <ItemGroup>
    <Filter Include="Krida">
      <UniqueIdentifier>{107D8C0D-7C91-B4BE-4513-581EB1E6B0EF}</UniqueIdentifier>
    </Filter>
  </ItemGroup>
  <ItemGroup>
    <ClInclude Include="src\Krida.h" />
    <ClInclude Include="src\Krida\Application.h">
      <Filter>Krida</Filter>
    </ClInclude>
    <ClInclude Include="src\Krida\Core.h">
      <Filter>Krida</Filter>
    </ClInclude>
    <ClInclude Include="src\Krida\EntryPoint.h">
      <Filter>Krida</Filter>
    </ClInclude>
    <ClInclude Include="src\Krida\Log.h">
      <Filter>Krida</Filter>
    </ClInclude>
  </ItemGroup>
  <ItemGroup>
    <ClCompile Include="src\Krida\Application.cpp">
      <Filter>Krida</Filter>
    </ClCompile>
    <ClCompile Include="src\Krida\Log.cpp">
      <Filter>Krida</Filter>
    </ClCompile>
  </ItemGroup>
</Project>